PODS:
  - FMDB (2.6.2):
    - FMDB/standard (= 2.6.2)
  - FMDB/standard (2.6.2)
  - Masonry (1.0.2)

DEPENDENCIES:
  - FMDB
  - Masonry

SPEC CHECKSUMS:
  FMDB: 854a0341b4726e53276f2a8996f06f1b80f9259a
  Masonry: 7c429b56da9d4ee0bbb3ed77a5ea710d6a5df39e

PODFILE CHECKSUM: be654f488472a57f974ededb734d6d12db8bfaf2

COCOAPODS: 1.1.1
