// !$*UTF8*$!
{
	archiveVersion = 1;
	classes = {
	};
	objectVersion = 50;
	objects = {

/* Begin PBXBuildFile section */
		1E67591222D5DB7F006290CC /* AppDelegate.m in Sources */ = {isa = PBXBuildFile; fileRef = 1E67591122D5DB7F006290CC /* AppDelegate.m */; };
		1E67591522D5DB7F006290CC /* ViewController.m in Sources */ = {isa = PBXBuildFile; fileRef = 1E67591422D5DB7F006290CC /* ViewController.m */; };
		1E67591822D5DB7F006290CC /* Main.storyboard in Resources */ = {isa = PBXBuildFile; fileRef = 1E67591622D5DB7F006290CC /* Main.storyboard */; };
		1E67591A22D5DB80006290CC /* Assets.xcassets in Resources */ = {isa = PBXBuildFile; fileRef = 1E67591922D5DB80006290CC /* Assets.xcassets */; };
		1E67591D22D5DB80006290CC /* LaunchScreen.storyboard in Resources */ = {isa = PBXBuildFile; fileRef = 1E67591B22D5DB80006290CC /* LaunchScreen.storyboard */; };
		1E67592022D5DB80006290CC /* main.m in Sources */ = {isa = PBXBuildFile; fileRef = 1E67591F22D5DB80006290CC /* main.m */; };
		1ECDD11922DDB0D200961046 /* icon.xcassets in Resources */ = {isa = PBXBuildFile; fileRef = 1ECDD11822DDB0D200961046 /* icon.xcassets */; };
		1ED7786522F174C500F0AECA /* JFCSBaseInfoModel.m in Sources */ = {isa = PBXBuildFile; fileRef = 1ED7784322F174C500F0AECA /* JFCSBaseInfoModel.m */; };
		1ED7786622F174C500F0AECA /* JFCSCityModel.m in Sources */ = {isa = PBXBuildFile; fileRef = 1ED7784422F174C500F0AECA /* JFCSCityModel.m */; };
		1ED7786722F174C500F0AECA /* JFCSFileManager.m in Sources */ = {isa = PBXBuildFile; fileRef = 1ED7784822F174C500F0AECA /* JFCSFileManager.m */; };
		1ED7786822F174C500F0AECA /* .gitkeep in Resources */ = {isa = PBXBuildFile; fileRef = 1ED7784A22F174C500F0AECA /* .gitkeep */; };
		1ED7786922F174C500F0AECA /* JFCSTopToolsTableViewCell.m in Sources */ = {isa = PBXBuildFile; fileRef = 1ED7784B22F174C500F0AECA /* JFCSTopToolsTableViewCell.m */; };
		1ED7786A22F174C500F0AECA /* JFCSTableViewHeaderView.m in Sources */ = {isa = PBXBuildFile; fileRef = 1ED7784C22F174C500F0AECA /* JFCSTableViewHeaderView.m */; };
		1ED7786B22F174C500F0AECA /* JFCSTableViewController.m in Sources */ = {isa = PBXBuildFile; fileRef = 1ED7784D22F174C500F0AECA /* JFCSTableViewController.m */; };
		1ED7786C22F174C500F0AECA /* JFCSPopularCitiesModel.m in Sources */ = {isa = PBXBuildFile; fileRef = 1ED7784E22F174C500F0AECA /* JFCSPopularCitiesModel.m */; };
		1ED7786D22F174C500F0AECA /* NSObject+YYModel.m in Sources */ = {isa = PBXBuildFile; fileRef = 1ED7785322F174C500F0AECA /* NSObject+YYModel.m */; };
		1ED7786E22F174C500F0AECA /* YYClassInfo.m in Sources */ = {isa = PBXBuildFile; fileRef = 1ED7785422F174C500F0AECA /* YYClassInfo.m */; };
		1ED7786F22F174C500F0AECA /* JFCSConfiguration.m in Sources */ = {isa = PBXBuildFile; fileRef = 1ED7785822F174C500F0AECA /* JFCSConfiguration.m */; };
		1ED7787022F174C500F0AECA /* JFCSProvinceModel.m in Sources */ = {isa = PBXBuildFile; fileRef = 1ED7785922F174C500F0AECA /* JFCSProvinceModel.m */; };
		1ED7787122F174C500F0AECA /* JFCSAreaModel.m in Sources */ = {isa = PBXBuildFile; fileRef = 1ED7785A22F174C500F0AECA /* JFCSAreaModel.m */; };
		1ED7787222F174C500F0AECA /* JFCSSearchTableViewController.m in Sources */ = {isa = PBXBuildFile; fileRef = 1ED7785D22F174C500F0AECA /* JFCSSearchTableViewController.m */; };
		1ED7787322F174C500F0AECA /* JFCSDataOpreation.m in Sources */ = {isa = PBXBuildFile; fileRef = 1ED7785E22F174C500F0AECA /* JFCSDataOpreation.m */; };
		1ED7787422F174C500F0AECA /* JFCSData.m in Sources */ = {isa = PBXBuildFile; fileRef = 1ED7785F22F174C500F0AECA /* JFCSData.m */; };
		1ED7787522F174C500F0AECA /* JFCitySelector.bundle in Resources */ = {isa = PBXBuildFile; fileRef = 1ED7786422F174C500F0AECA /* JFCitySelector.bundle */; };
		C05CE2E9BA47BBA0EEDD529C /* Pods_jfcityselector.framework in Frameworks */ = {isa = PBXBuildFile; fileRef = 4DE3D05CF3E5061A8817E0D9 /* Pods_jfcityselector.framework */; };
/* End PBXBuildFile section */

/* Begin PBXFileReference section */
		1E67590D22D5DB7F006290CC /* jfcityselector.app */ = {isa = PBXFileReference; explicitFileType = wrapper.application; includeInIndex = 0; path = jfcityselector.app; sourceTree = BUILT_PRODUCTS_DIR; };
		1E67591022D5DB7F006290CC /* AppDelegate.h */ = {isa = PBXFileReference; lastKnownFileType = sourcecode.c.h; path = AppDelegate.h; sourceTree = "<group>"; };
		1E67591122D5DB7F006290CC /* AppDelegate.m */ = {isa = PBXFileReference; lastKnownFileType = sourcecode.c.objc; path = AppDelegate.m; sourceTree = "<group>"; };
		1E67591322D5DB7F006290CC /* ViewController.h */ = {isa = PBXFileReference; lastKnownFileType = sourcecode.c.h; path = ViewController.h; sourceTree = "<group>"; };
		1E67591422D5DB7F006290CC /* ViewController.m */ = {isa = PBXFileReference; lastKnownFileType = sourcecode.c.objc; path = ViewController.m; sourceTree = "<group>"; };
		1E67591722D5DB7F006290CC /* Base */ = {isa = PBXFileReference; lastKnownFileType = file.storyboard; name = Base; path = Base.lproj/Main.storyboard; sourceTree = "<group>"; };
		1E67591922D5DB80006290CC /* Assets.xcassets */ = {isa = PBXFileReference; lastKnownFileType = folder.assetcatalog; path = Assets.xcassets; sourceTree = "<group>"; };
		1E67591C22D5DB80006290CC /* Base */ = {isa = PBXFileReference; lastKnownFileType = file.storyboard; name = Base; path = Base.lproj/LaunchScreen.storyboard; sourceTree = "<group>"; };
		1E67591E22D5DB80006290CC /* Info.plist */ = {isa = PBXFileReference; lastKnownFileType = text.plist.xml; path = Info.plist; sourceTree = "<group>"; };
		1E67591F22D5DB80006290CC /* main.m */ = {isa = PBXFileReference; lastKnownFileType = sourcecode.c.objc; path = main.m; sourceTree = "<group>"; };
		1ECDD11822DDB0D200961046 /* icon.xcassets */ = {isa = PBXFileReference; lastKnownFileType = folder.assetcatalog; path = icon.xcassets; sourceTree = "<group>"; };
		1ED7784222F174C500F0AECA /* JFCSConfiguration.h */ = {isa = PBXFileReference; fileEncoding = 4; lastKnownFileType = sourcecode.c.h; path = JFCSConfiguration.h; sourceTree = "<group>"; };
		1ED7784322F174C500F0AECA /* JFCSBaseInfoModel.m */ = {isa = PBXFileReference; fileEncoding = 4; lastKnownFileType = sourcecode.c.objc; path = JFCSBaseInfoModel.m; sourceTree = "<group>"; };
		1ED7784422F174C500F0AECA /* JFCSCityModel.m */ = {isa = PBXFileReference; fileEncoding = 4; lastKnownFileType = sourcecode.c.objc; path = JFCSCityModel.m; sourceTree = "<group>"; };
		1ED7784522F174C500F0AECA /* JFCSAreaModel.h */ = {isa = PBXFileReference; fileEncoding = 4; lastKnownFileType = sourcecode.c.h; path = JFCSAreaModel.h; sourceTree = "<group>"; };
		1ED7784622F174C500F0AECA /* JFCSProvinceModel.h */ = {isa = PBXFileReference; fileEncoding = 4; lastKnownFileType = sourcecode.c.h; path = JFCSProvinceModel.h; sourceTree = "<group>"; };
		1ED7784722F174C500F0AECA /* JFCSDataOpreation.h */ = {isa = PBXFileReference; fileEncoding = 4; lastKnownFileType = sourcecode.c.h; path = JFCSDataOpreation.h; sourceTree = "<group>"; };
		1ED7784822F174C500F0AECA /* JFCSFileManager.m */ = {isa = PBXFileReference; fileEncoding = 4; lastKnownFileType = sourcecode.c.objc; path = JFCSFileManager.m; sourceTree = "<group>"; };
		1ED7784922F174C500F0AECA /* JFCSSearchTableViewController.h */ = {isa = PBXFileReference; fileEncoding = 4; lastKnownFileType = sourcecode.c.h; path = JFCSSearchTableViewController.h; sourceTree = "<group>"; };
		1ED7784A22F174C500F0AECA /* .gitkeep */ = {isa = PBXFileReference; fileEncoding = 4; lastKnownFileType = text; path = .gitkeep; sourceTree = "<group>"; };
		1ED7784B22F174C500F0AECA /* JFCSTopToolsTableViewCell.m */ = {isa = PBXFileReference; fileEncoding = 4; lastKnownFileType = sourcecode.c.objc; path = JFCSTopToolsTableViewCell.m; sourceTree = "<group>"; };
		1ED7784C22F174C500F0AECA /* JFCSTableViewHeaderView.m */ = {isa = PBXFileReference; fileEncoding = 4; lastKnownFileType = sourcecode.c.objc; path = JFCSTableViewHeaderView.m; sourceTree = "<group>"; };
		1ED7784D22F174C500F0AECA /* JFCSTableViewController.m */ = {isa = PBXFileReference; fileEncoding = 4; lastKnownFileType = sourcecode.c.objc; path = JFCSTableViewController.m; sourceTree = "<group>"; };
		1ED7784E22F174C500F0AECA /* JFCSPopularCitiesModel.m */ = {isa = PBXFileReference; fileEncoding = 4; lastKnownFileType = sourcecode.c.objc; path = JFCSPopularCitiesModel.m; sourceTree = "<group>"; };
		1ED7784F22F174C500F0AECA /* JFCSData.h */ = {isa = PBXFileReference; fileEncoding = 4; lastKnownFileType = sourcecode.c.h; path = JFCSData.h; sourceTree = "<group>"; };
		1ED7785122F174C500F0AECA /* YYClassInfo.h */ = {isa = PBXFileReference; fileEncoding = 4; lastKnownFileType = sourcecode.c.h; path = YYClassInfo.h; sourceTree = "<group>"; };
		1ED7785222F174C500F0AECA /* YYModel.h */ = {isa = PBXFileReference; fileEncoding = 4; lastKnownFileType = sourcecode.c.h; path = YYModel.h; sourceTree = "<group>"; };
		1ED7785322F174C500F0AECA /* NSObject+YYModel.m */ = {isa = PBXFileReference; fileEncoding = 4; lastKnownFileType = sourcecode.c.objc; path = "NSObject+YYModel.m"; sourceTree = "<group>"; };
		1ED7785422F174C500F0AECA /* YYClassInfo.m */ = {isa = PBXFileReference; fileEncoding = 4; lastKnownFileType = sourcecode.c.objc; path = YYClassInfo.m; sourceTree = "<group>"; };
		1ED7785522F174C500F0AECA /* NSObject+YYModel.h */ = {isa = PBXFileReference; fileEncoding = 4; lastKnownFileType = sourcecode.c.h; path = "NSObject+YYModel.h"; sourceTree = "<group>"; };
		1ED7785622F174C500F0AECA /* JFCSCityModel.h */ = {isa = PBXFileReference; fileEncoding = 4; lastKnownFileType = sourcecode.c.h; path = JFCSCityModel.h; sourceTree = "<group>"; };
		1ED7785722F174C500F0AECA /* JFCSBaseInfoModel.h */ = {isa = PBXFileReference; fileEncoding = 4; lastKnownFileType = sourcecode.c.h; path = JFCSBaseInfoModel.h; sourceTree = "<group>"; };
		1ED7785822F174C500F0AECA /* JFCSConfiguration.m */ = {isa = PBXFileReference; fileEncoding = 4; lastKnownFileType = sourcecode.c.objc; path = JFCSConfiguration.m; sourceTree = "<group>"; };
		1ED7785922F174C500F0AECA /* JFCSProvinceModel.m */ = {isa = PBXFileReference; fileEncoding = 4; lastKnownFileType = sourcecode.c.objc; path = JFCSProvinceModel.m; sourceTree = "<group>"; };
		1ED7785A22F174C500F0AECA /* JFCSAreaModel.m */ = {isa = PBXFileReference; fileEncoding = 4; lastKnownFileType = sourcecode.c.objc; path = JFCSAreaModel.m; sourceTree = "<group>"; };
		1ED7785B22F174C500F0AECA /* JFCSTopToolsTableViewCell.h */ = {isa = PBXFileReference; fileEncoding = 4; lastKnownFileType = sourcecode.c.h; path = JFCSTopToolsTableViewCell.h; sourceTree = "<group>"; };
		1ED7785C22F174C500F0AECA /* JFCSFileManager.h */ = {isa = PBXFileReference; fileEncoding = 4; lastKnownFileType = sourcecode.c.h; path = JFCSFileManager.h; sourceTree = "<group>"; };
		1ED7785D22F174C500F0AECA /* JFCSSearchTableViewController.m */ = {isa = PBXFileReference; fileEncoding = 4; lastKnownFileType = sourcecode.c.objc; path = JFCSSearchTableViewController.m; sourceTree = "<group>"; };
		1ED7785E22F174C500F0AECA /* JFCSDataOpreation.m */ = {isa = PBXFileReference; fileEncoding = 4; lastKnownFileType = sourcecode.c.objc; path = JFCSDataOpreation.m; sourceTree = "<group>"; };
		1ED7785F22F174C500F0AECA /* JFCSData.m */ = {isa = PBXFileReference; fileEncoding = 4; lastKnownFileType = sourcecode.c.objc; path = JFCSData.m; sourceTree = "<group>"; };
		1ED7786022F174C500F0AECA /* JFCSPopularCitiesModel.h */ = {isa = PBXFileReference; fileEncoding = 4; lastKnownFileType = sourcecode.c.h; path = JFCSPopularCitiesModel.h; sourceTree = "<group>"; };
		1ED7786122F174C500F0AECA /* JFCSTableViewController.h */ = {isa = PBXFileReference; fileEncoding = 4; lastKnownFileType = sourcecode.c.h; path = JFCSTableViewController.h; sourceTree = "<group>"; };
		1ED7786222F174C500F0AECA /* JFCSTableViewHeaderView.h */ = {isa = PBXFileReference; fileEncoding = 4; lastKnownFileType = sourcecode.c.h; path = JFCSTableViewHeaderView.h; sourceTree = "<group>"; };
		1ED7786422F174C500F0AECA /* JFCitySelector.bundle */ = {isa = PBXFileReference; lastKnownFileType = "wrapper.plug-in"; path = JFCitySelector.bundle; sourceTree = "<group>"; };
		4DE3D05CF3E5061A8817E0D9 /* Pods_jfcityselector.framework */ = {isa = PBXFileReference; explicitFileType = wrapper.framework; includeInIndex = 0; path = Pods_jfcityselector.framework; sourceTree = BUILT_PRODUCTS_DIR; };
		A9BC895A16ACFE8DE5999834 /* Pods-jfcityselector.release.xcconfig */ = {isa = PBXFileReference; includeInIndex = 1; lastKnownFileType = text.xcconfig; name = "Pods-jfcityselector.release.xcconfig"; path = "Target Support Files/Pods-jfcityselector/Pods-jfcityselector.release.xcconfig"; sourceTree = "<group>"; };
		EFE7D2961700630FA3C38B6B /* Pods-jfcityselector.debug.xcconfig */ = {isa = PBXFileReference; includeInIndex = 1; lastKnownFileType = text.xcconfig; name = "Pods-jfcityselector.debug.xcconfig"; path = "Target Support Files/Pods-jfcityselector/Pods-jfcityselector.debug.xcconfig"; sourceTree = "<group>"; };
/* End PBXFileReference section */

/* Begin PBXFrameworksBuildPhase section */
		1E67590A22D5DB7F006290CC /* Frameworks */ = {
			isa = PBXFrameworksBuildPhase;
			buildActionMask = 2147483647;
			files = (
				C05CE2E9BA47BBA0EEDD529C /* Pods_jfcityselector.framework in Frameworks */,
			);
			runOnlyForDeploymentPostprocessing = 0;
		};
/* End PBXFrameworksBuildPhase section */

/* Begin PBXGroup section */
		1AC8A5A1C8B62165B8CD5444 /* Pods */ = {
			isa = PBXGroup;
			children = (
				EFE7D2961700630FA3C38B6B /* Pods-jfcityselector.debug.xcconfig */,
				A9BC895A16ACFE8DE5999834 /* Pods-jfcityselector.release.xcconfig */,
			);
			path = Pods;
			sourceTree = "<group>";
		};
		1E67590422D5DB7F006290CC = {
			isa = PBXGroup;
			children = (
				1E67590F22D5DB7F006290CC /* jfcityselector */,
				1E67590E22D5DB7F006290CC /* Products */,
				1AC8A5A1C8B62165B8CD5444 /* Pods */,
				47D2DA686F8BDDE47FBB7C39 /* Frameworks */,
			);
			sourceTree = "<group>";
		};
		1E67590E22D5DB7F006290CC /* Products */ = {
			isa = PBXGroup;
			children = (
				1E67590D22D5DB7F006290CC /* jfcityselector.app */,
			);
			name = Products;
			sourceTree = "<group>";
		};
		1E67590F22D5DB7F006290CC /* jfcityselector */ = {
			isa = PBXGroup;
			children = (
				1ED7784122F174C500F0AECA /* Classes */,
				1ED7786322F174C500F0AECA /* Resources */,
				1E67591022D5DB7F006290CC /* AppDelegate.h */,
				1E67591122D5DB7F006290CC /* AppDelegate.m */,
				1E67591322D5DB7F006290CC /* ViewController.h */,
				1E67591422D5DB7F006290CC /* ViewController.m */,
				1E67591622D5DB7F006290CC /* Main.storyboard */,
				1E67591922D5DB80006290CC /* Assets.xcassets */,
				1ECDD11822DDB0D200961046 /* icon.xcassets */,
				1E67591B22D5DB80006290CC /* LaunchScreen.storyboard */,
				1E67591E22D5DB80006290CC /* Info.plist */,
				1E67591F22D5DB80006290CC /* main.m */,
			);
			path = jfcityselector;
			sourceTree = "<group>";
		};
		1ED7784122F174C500F0AECA /* Classes */ = {
			isa = PBXGroup;
			children = (
				1ED7784222F174C500F0AECA /* JFCSConfiguration.h */,
				1ED7784322F174C500F0AECA /* JFCSBaseInfoModel.m */,
				1ED7784422F174C500F0AECA /* JFCSCityModel.m */,
				1ED7784522F174C500F0AECA /* JFCSAreaModel.h */,
				1ED7784622F174C500F0AECA /* JFCSProvinceModel.h */,
				1ED7784722F174C500F0AECA /* JFCSDataOpreation.h */,
				1ED7784822F174C500F0AECA /* JFCSFileManager.m */,
				1ED7784922F174C500F0AECA /* JFCSSearchTableViewController.h */,
				1ED7784A22F174C500F0AECA /* .gitkeep */,
				1ED7784B22F174C500F0AECA /* JFCSTopToolsTableViewCell.m */,
				1ED7784C22F174C500F0AECA /* JFCSTableViewHeaderView.m */,
				1ED7784D22F174C500F0AECA /* JFCSTableViewController.m */,
				1ED7784E22F174C500F0AECA /* JFCSPopularCitiesModel.m */,
				1ED7784F22F174C500F0AECA /* JFCSData.h */,
				1ED7785022F174C500F0AECA /* YYModel */,
				1ED7785622F174C500F0AECA /* JFCSCityModel.h */,
				1ED7785722F174C500F0AECA /* JFCSBaseInfoModel.h */,
				1ED7785822F174C500F0AECA /* JFCSConfiguration.m */,
				1ED7785922F174C500F0AECA /* JFCSProvinceModel.m */,
				1ED7785A22F174C500F0AECA /* JFCSAreaModel.m */,
				1ED7785B22F174C500F0AECA /* JFCSTopToolsTableViewCell.h */,
				1ED7785C22F174C500F0AECA /* JFCSFileManager.h */,
				1ED7785D22F174C500F0AECA /* JFCSSearchTableViewController.m */,
				1ED7785E22F174C500F0AECA /* JFCSDataOpreation.m */,
				1ED7785F22F174C500F0AECA /* JFCSData.m */,
				1ED7786022F174C500F0AECA /* JFCSPopularCitiesModel.h */,
				1ED7786122F174C500F0AECA /* JFCSTableViewController.h */,
				1ED7786222F174C500F0AECA /* JFCSTableViewHeaderView.h */,
			);
			name = Classes;
			path = ../../Classes;
			sourceTree = "<group>";
		};
		1ED7785022F174C500F0AECA /* YYModel */ = {
			isa = PBXGroup;
			children = (
				1ED7785122F174C500F0AECA /* YYClassInfo.h */,
				1ED7785222F174C500F0AECA /* YYModel.h */,
				1ED7785322F174C500F0AECA /* NSObject+YYModel.m */,
				1ED7785422F174C500F0AECA /* YYClassInfo.m */,
				1ED7785522F174C500F0AECA /* NSObject+YYModel.h */,
			);
			path = YYModel;
			sourceTree = "<group>";
		};
		1ED7786322F174C500F0AECA /* Resources */ = {
			isa = PBXGroup;
			children = (
				1ED7786422F174C500F0AECA /* JFCitySelector.bundle */,
			);
			name = Resources;
			path = ../../Resources;
			sourceTree = "<group>";
		};
		47D2DA686F8BDDE47FBB7C39 /* Frameworks */ = {
			isa = PBXGroup;
			children = (
				4DE3D05CF3E5061A8817E0D9 /* Pods_jfcityselector.framework */,
			);
			name = Frameworks;
			sourceTree = "<group>";
		};
/* End PBXGroup section */

/* Begin PBXNativeTarget section */
		1E67590C22D5DB7F006290CC /* jfcityselector */ = {
			isa = PBXNativeTarget;
			buildConfigurationList = 1E67592322D5DB80006290CC /* Build configuration list for PBXNativeTarget "jfcityselector" */;
			buildPhases = (
				82F90229E962AF7700FC6F4F /* [CP] Check Pods Manifest.lock */,
				1E67590922D5DB7F006290CC /* Sources */,
				1E67590A22D5DB7F006290CC /* Frameworks */,
				1E67590B22D5DB7F006290CC /* Resources */,
			);
			buildRules = (
			);
			dependencies = (
			);
			name = jfcityselector;
			productName = jfcityselector;
			productReference = 1E67590D22D5DB7F006290CC /* jfcityselector.app */;
			productType = "com.apple.product-type.application";
		};
/* End PBXNativeTarget section */

/* Begin PBXProject section */
		1E67590522D5DB7F006290CC /* Project object */ = {
			isa = PBXProject;
			attributes = {
				CLASSPREFIX = JFCS;
				LastUpgradeCheck = 1020;
				ORGANIZATIONNAME = zhifenx;
				TargetAttributes = {
					1E67590C22D5DB7F006290CC = {
						CreatedOnToolsVersion = 10.2.1;
					};
				};
			};
			buildConfigurationList = 1E67590822D5DB7F006290CC /* Build configuration list for PBXProject "jfcityselector" */;
			compatibilityVersion = "Xcode 9.3";
			developmentRegion = en;
			hasScannedForEncodings = 0;
			knownRegions = (
				en,
				Base,
			);
			mainGroup = 1E67590422D5DB7F006290CC;
			productRefGroup = 1E67590E22D5DB7F006290CC /* Products */;
			projectDirPath = "";
			projectRoot = "";
			targets = (
				1E67590C22D5DB7F006290CC /* jfcityselector */,
			);
		};
/* End PBXProject section */

/* Begin PBXResourcesBuildPhase section */
		1E67590B22D5DB7F006290CC /* Resources */ = {
			isa = PBXResourcesBuildPhase;
			buildActionMask = 2147483647;
			files = (
				1E67591D22D5DB80006290CC /* LaunchScreen.storyboard in Resources */,
				1ED7787522F174C500F0AECA /* JFCitySelector.bundle in Resources */,
				1E67591A22D5DB80006290CC /* Assets.xcassets in Resources */,
				1ED7786822F174C500F0AECA /* .gitkeep in Resources */,
				1ECDD11922DDB0D200961046 /* icon.xcassets in Resources */,
				1E67591822D5DB7F006290CC /* Main.storyboard in Resources */,
			);
			runOnlyForDeploymentPostprocessing = 0;
		};
/* End PBXResourcesBuildPhase section */

/* Begin PBXShellScriptBuildPhase section */
		82F90229E962AF7700FC6F4F /* [CP] Check Pods Manifest.lock */ = {
			isa = PBXShellScriptBuildPhase;
			buildActionMask = 2147483647;
			files = (
			);
			inputFileListPaths = (
			);
			inputPaths = (
				"${PODS_PODFILE_DIR_PATH}/Podfile.lock",
				"${PODS_ROOT}/Manifest.lock",
			);
			name = "[CP] Check Pods Manifest.lock";
			outputFileListPaths = (
			);
			outputPaths = (
				"$(DERIVED_FILE_DIR)/Pods-jfcityselector-checkManifestLockResult.txt",
			);
			runOnlyForDeploymentPostprocessing = 0;
			shellPath = /bin/sh;
			shellScript = "diff \"${PODS_PODFILE_DIR_PATH}/Podfile.lock\" \"${PODS_ROOT}/Manifest.lock\" > /dev/null\nif [ $? != 0 ] ; then\n    # print error to STDERR\n    echo \"error: The sandbox is not in sync with the Podfile.lock. Run 'pod install' or update your CocoaPods installation.\" >&2\n    exit 1\nfi\n# This output is used by Xcode 'outputs' to avoid re-running this script phase.\necho \"SUCCESS\" > \"${SCRIPT_OUTPUT_FILE_0}\"\n";
			showEnvVarsInLog = 0;
		};
/* End PBXShellScriptBuildPhase section */

/* Begin PBXSourcesBuildPhase section */
		1E67590922D5DB7F006290CC /* Sources */ = {
			isa = PBXSourcesBuildPhase;
			buildActionMask = 2147483647;
			files = (
				1ED7786522F174C500F0AECA /* JFCSBaseInfoModel.m in Sources */,
				1ED7786A22F174C500F0AECA /* JFCSTableViewHeaderView.m in Sources */,
				1E67591522D5DB7F006290CC /* ViewController.m in Sources */,
				1ED7787022F174C500F0AECA /* JFCSProvinceModel.m in Sources */,
				1ED7786B22F174C500F0AECA /* JFCSTableViewController.m in Sources */,
				1ED7786E22F174C500F0AECA /* YYClassInfo.m in Sources */,
				1E67592022D5DB80006290CC /* main.m in Sources */,
				1ED7786F22F174C500F0AECA /* JFCSConfiguration.m in Sources */,
				1ED7786622F174C500F0AECA /* JFCSCityModel.m in Sources */,
				1ED7786C22F174C500F0AECA /* JFCSPopularCitiesModel.m in Sources */,
				1E67591222D5DB7F006290CC /* AppDelegate.m in Sources */,
				1ED7787122F174C500F0AECA /* JFCSAreaModel.m in Sources */,
				1ED7787322F174C500F0AECA /* JFCSDataOpreation.m in Sources */,
				1ED7786D22F174C500F0AECA /* NSObject+YYModel.m in Sources */,
				1ED7787222F174C500F0AECA /* JFCSSearchTableViewController.m in Sources */,
				1ED7787422F174C500F0AECA /* JFCSData.m in Sources */,
				1ED7786922F174C500F0AECA /* JFCSTopToolsTableViewCell.m in Sources */,
				1ED7786722F174C500F0AECA /* JFCSFileManager.m in Sources */,
			);
			runOnlyForDeploymentPostprocessing = 0;
		};
/* End PBXSourcesBuildPhase section */

/* Begin PBXVariantGroup section */
		1E67591622D5DB7F006290CC /* Main.storyboard */ = {
			isa = PBXVariantGroup;
			children = (
				1E67591722D5DB7F006290CC /* Base */,
			);
			name = Main.storyboard;
			sourceTree = "<group>";
		};
		1E67591B22D5DB80006290CC /* LaunchScreen.storyboard */ = {
			isa = PBXVariantGroup;
			children = (
				1E67591C22D5DB80006290CC /* Base */,
			);
			name = LaunchScreen.storyboard;
			sourceTree = "<group>";
		};
/* End PBXVariantGroup section */

/* Begin XCBuildConfiguration section */
		1E67592122D5DB80006290CC /* Debug */ = {
			isa = XCBuildConfiguration;
			buildSettings = {
				ALWAYS_SEARCH_USER_PATHS = NO;
				CLANG_ANALYZER_NONNULL = YES;
				CLANG_ANALYZER_NUMBER_OBJECT_CONVERSION = YES_AGGRESSIVE;
				CLANG_CXX_LANGUAGE_STANDARD = "gnu++14";
				CLANG_CXX_LIBRARY = "libc++";
				CLANG_ENABLE_MODULES = YES;
				CLANG_ENABLE_OBJC_ARC = YES;
				CLANG_ENABLE_OBJC_WEAK = YES;
				CLANG_WARN_BLOCK_CAPTURE_AUTORELEASING = YES;
				CLANG_WARN_BOOL_CONVERSION = YES;
				CLANG_WARN_COMMA = YES;
				CLANG_WARN_CONSTANT_CONVERSION = YES;
				CLANG_WARN_DEPRECATED_OBJC_IMPLEMENTATIONS = YES;
				CLANG_WARN_DIRECT_OBJC_ISA_USAGE = YES_ERROR;
				CLANG_WARN_DOCUMENTATION_COMMENTS = YES;
				CLANG_WARN_EMPTY_BODY = YES;
				CLANG_WARN_ENUM_CONVERSION = YES;
				CLANG_WARN_INFINITE_RECURSION = YES;
				CLANG_WARN_INT_CONVERSION = YES;
				CLANG_WARN_NON_LITERAL_NULL_CONVERSION = YES;
				CLANG_WARN_OBJC_IMPLICIT_RETAIN_SELF = YES;
				CLANG_WARN_OBJC_LITERAL_CONVERSION = YES;
				CLANG_WARN_OBJC_ROOT_CLASS = YES_ERROR;
				CLANG_WARN_RANGE_LOOP_ANALYSIS = YES;
				CLANG_WARN_STRICT_PROTOTYPES = YES;
				CLANG_WARN_SUSPICIOUS_MOVE = YES;
				CLANG_WARN_UNGUARDED_AVAILABILITY = YES_AGGRESSIVE;
				CLANG_WARN_UNREACHABLE_CODE = YES;
				CLANG_WARN__DUPLICATE_METHOD_MATCH = YES;
				CODE_SIGN_IDENTITY = "iPhone Developer";
				COPY_PHASE_STRIP = NO;
				DEBUG_INFORMATION_FORMAT = dwarf;
				ENABLE_STRICT_OBJC_MSGSEND = YES;
				ENABLE_TESTABILITY = YES;
				GCC_C_LANGUAGE_STANDARD = gnu11;
				GCC_DYNAMIC_NO_PIC = NO;
				GCC_NO_COMMON_BLOCKS = YES;
				GCC_OPTIMIZATION_LEVEL = 0;
				GCC_PREPROCESSOR_DEFINITIONS = (
					"DEBUG=1",
					"$(inherited)",
				);
				GCC_WARN_64_TO_32_BIT_CONVERSION = YES;
				GCC_WARN_ABOUT_RETURN_TYPE = YES_ERROR;
				GCC_WARN_UNDECLARED_SELECTOR = YES;
				GCC_WARN_UNINITIALIZED_AUTOS = YES_AGGRESSIVE;
				GCC_WARN_UNUSED_FUNCTION = YES;
				GCC_WARN_UNUSED_VARIABLE = YES;
				IPHONEOS_DEPLOYMENT_TARGET = 10.0;
				MTL_ENABLE_DEBUG_INFO = INCLUDE_SOURCE;
				MTL_FAST_MATH = YES;
				ONLY_ACTIVE_ARCH = YES;
				SDKROOT = iphoneos;
			};
			name = Debug;
		};
		1E67592222D5DB80006290CC /* Release */ = {
			isa = XCBuildConfiguration;
			buildSettings = {
				ALWAYS_SEARCH_USER_PATHS = NO;
				CLANG_ANALYZER_NONNULL = YES;
				CLANG_ANALYZER_NUMBER_OBJECT_CONVERSION = YES_AGGRESSIVE;
				CLANG_CXX_LANGUAGE_STANDARD = "gnu++14";
				CLANG_CXX_LIBRARY = "libc++";
				CLANG_ENABLE_MODULES = YES;
				CLANG_ENABLE_OBJC_ARC = YES;
				CLANG_ENABLE_OBJC_WEAK = YES;
				CLANG_WARN_BLOCK_CAPTURE_AUTORELEASING = YES;
				CLANG_WARN_BOOL_CONVERSION = YES;
				CLANG_WARN_COMMA = YES;
				CLANG_WARN_CONSTANT_CONVERSION = YES;
				CLANG_WARN_DEPRECATED_OBJC_IMPLEMENTATIONS = YES;
				CLANG_WARN_DIRECT_OBJC_ISA_USAGE = YES_ERROR;
				CLANG_WARN_DOCUMENTATION_COMMENTS = YES;
				CLANG_WARN_EMPTY_BODY = YES;
				CLANG_WARN_ENUM_CONVERSION = YES;
				CLANG_WARN_INFINITE_RECURSION = YES;
				CLANG_WARN_INT_CONVERSION = YES;
				CLANG_WARN_NON_LITERAL_NULL_CONVERSION = YES;
				CLANG_WARN_OBJC_IMPLICIT_RETAIN_SELF = YES;
				CLANG_WARN_OBJC_LITERAL_CONVERSION = YES;
				CLANG_WARN_OBJC_ROOT_CLASS = YES_ERROR;
				CLANG_WARN_RANGE_LOOP_ANALYSIS = YES;
				CLANG_WARN_STRICT_PROTOTYPES = YES;
				CLANG_WARN_SUSPICIOUS_MOVE = YES;
				CLANG_WARN_UNGUARDED_AVAILABILITY = YES_AGGRESSIVE;
				CLANG_WARN_UNREACHABLE_CODE = YES;
				CLANG_WARN__DUPLICATE_METHOD_MATCH = YES;
				CODE_SIGN_IDENTITY = "iPhone Developer";
				COPY_PHASE_STRIP = NO;
				DEBUG_INFORMATION_FORMAT = "dwarf-with-dsym";
				ENABLE_NS_ASSERTIONS = NO;
				ENABLE_STRICT_OBJC_MSGSEND = YES;
				GCC_C_LANGUAGE_STANDARD = gnu11;
				GCC_NO_COMMON_BLOCKS = YES;
				GCC_WARN_64_TO_32_BIT_CONVERSION = YES;
				GCC_WARN_ABOUT_RETURN_TYPE = YES_ERROR;
				GCC_WARN_UNDECLARED_SELECTOR = YES;
				GCC_WARN_UNINITIALIZED_AUTOS = YES_AGGRESSIVE;
				GCC_WARN_UNUSED_FUNCTION = YES;
				GCC_WARN_UNUSED_VARIABLE = YES;
				IPHONEOS_DEPLOYMENT_TARGET = 10.0;
				MTL_ENABLE_DEBUG_INFO = NO;
				MTL_FAST_MATH = YES;
				SDKROOT = iphoneos;
				VALIDATE_PRODUCT = YES;
			};
			name = Release;
		};
		1E67592422D5DB80006290CC /* Debug */ = {
			isa = XCBuildConfiguration;
			baseConfigurationReference = EFE7D2961700630FA3C38B6B /* Pods-jfcityselector.debug.xcconfig */;
			buildSettings = {
				ASSETCATALOG_COMPILER_APPICON_NAME = AppIcon;
				CODE_SIGN_STYLE = Automatic;
				DEVELOPMENT_TEAM = JJ55WSWQUD;
				INFOPLIST_FILE = jfcityselector/Info.plist;
				LD_RUNPATH_SEARCH_PATHS = (
					"$(inherited)",
					"@executable_path/Frameworks",
				);
				PRODUCT_BUNDLE_IDENTIFIER = jf.jfcityselector;
				PRODUCT_NAME = "$(TARGET_NAME)";
				TARGETED_DEVICE_FAMILY = "1,2";
			};
			name = Debug;
		};
		1E67592522D5DB80006290CC /* Release */ = {
			isa = XCBuildConfiguration;
			baseConfigurationReference = A9BC895A16ACFE8DE5999834 /* Pods-jfcityselector.release.xcconfig */;
			buildSettings = {
				ASSETCATALOG_COMPILER_APPICON_NAME = AppIcon;
				CODE_SIGN_STYLE = Automatic;
				DEVELOPMENT_TEAM = JJ55WSWQUD;
				INFOPLIST_FILE = jfcityselector/Info.plist;
				LD_RUNPATH_SEARCH_PATHS = (
					"$(inherited)",
					"@executable_path/Frameworks",
				);
				PRODUCT_BUNDLE_IDENTIFIER = jf.jfcityselector;
				PRODUCT_NAME = "$(TARGET_NAME)";
				TARGETED_DEVICE_FAMILY = "1,2";
			};
			name = Release;
		};
/* End XCBuildConfiguration section */

/* Begin XCConfigurationList section */
		1E67590822D5DB7F006290CC /* Build configuration list for PBXProject "jfcityselector" */ = {
			isa = XCConfigurationList;
			buildConfigurations = (
				1E67592122D5DB80006290CC /* Debug */,
				1E67592222D5DB80006290CC /* Release */,
			);
			defaultConfigurationIsVisible = 0;
			defaultConfigurationName = Release;
		};
		1E67592322D5DB80006290CC /* Build configuration list for PBXNativeTarget "jfcityselector" */ = {
			isa = XCConfigurationList;
			buildConfigurations = (
				1E67592422D5DB80006290CC /* Debug */,
				1E67592522D5DB80006290CC /* Release */,
			);
			defaultConfigurationIsVisible = 0;
			defaultConfigurationName = Release;
		};
/* End XCConfigurationList section */
	};
	rootObject = 1E67590522D5DB7F006290CC /* Project object */;
}
